<?xml version="1.0" encoding="utf-8"?>
<Project ToolsVersion="4.0" xmlns="http://schemas.microsoft.com/developer/msbuild/2003">
  <ItemGroup>
    <Filter Include="2. Device">
      <UniqueIdentifier>{a5da6ac6-7923-4576-8ee3-a9c5f6f1be2f}</UniqueIdentifier>
    </Filter>
    <Filter Include="0. Foundation">
      <UniqueIdentifier>{9854c796-0829-46cf-9495-9ab8122b6680}</UniqueIdentifier>
    </Filter>
    <Filter Include="1. Main">
      <UniqueIdentifier>{ef1bb6e5-6047-4e7e-8c78-206fbdbeb893}</UniqueIdentifier>
    </Filter>
    <Filter Include="3. Resource">
      <UniqueIdentifier>{3ca67db3-02ac-4980-ac4c-1e839543fe25}</UniqueIdentifier>
    </Filter>
    <Filter Include="4. Component">
      <UniqueIdentifier>{a8488a1c-b959-41e9-9464-b69bce9811b3}</UniqueIdentifier>
    </Filter>
    <Filter Include="9. Manager">
      <UniqueIdentifier>{40952f1b-ff77-4a4d-aa5a-3f18783af61d}</UniqueIdentifier>
    </Filter>
    <Filter Include="3. Resource\30. Entity">
      <UniqueIdentifier>{10568c81-ada8-41a3-8d0f-6318d65a6d69}</UniqueIdentifier>
    </Filter>
    <Filter Include="0. Foundation\00. PreCompiled Header">
      <UniqueIdentifier>{5c60a316-9b41-4f66-bf45-efb0e4dda5b5}</UniqueIdentifier>
    </Filter>
    <Filter Include="Relic">
      <UniqueIdentifier>{8e8c45fe-bb07-4eb6-ac23-b09d496695f2}</UniqueIdentifier>
    </Filter>
    <Filter Include="Relic\헤더 파일">
      <UniqueIdentifier>{93995380-89BD-4b04-88EB-625FBE52EBFB}</UniqueIdentifier>
      <Extensions>h;hh;hpp;hxx;h++;hm;inl;inc;ipp;xsd</Extensions>
    </Filter>
    <Filter Include="Relic\리소스 파일">
      <UniqueIdentifier>{67DA6AB6-F800-4c08-8B7A-83BB121AAD01}</UniqueIdentifier>
      <Extensions>rc;ico;cur;bmp;dlg;rc2;rct;bin;rgs;gif;jpg;jpeg;jpe;resx;tiff;tif;png;wav;mfcribbon-ms</Extensions>
    </Filter>
    <Filter Include="Relic\소스 파일">
      <UniqueIdentifier>{4FC737F1-C7A5-4376-A066-2A32D752A2FF}</UniqueIdentifier>
      <Extensions>cpp;c;cc;cxx;c++;cppm;ixx;def;odl;idl;hpj;bat;asm;asmx</Extensions>
    </Filter>
    <Filter Include="8. Stage">
      <UniqueIdentifier>{bb07772a-9191-45a4-a869-3669c427142d}</UniqueIdentifier>
    </Filter>
    <Filter Include="4. Component\49. Camera">
      <UniqueIdentifier>{f6d5a8bd-3054-40c1-9dd6-2ddd1a25fe53}</UniqueIdentifier>
    </Filter>
    <Filter Include="4. Component\40. Component">
      <UniqueIdentifier>{2e1c2f84-e26a-4313-85c6-f5cb2266a6da}</UniqueIdentifier>
    </Filter>
    <Filter Include="4. Component\41. Transform">
      <UniqueIdentifier>{6e2fbc35-1c38-41a9-9dba-0f33411a7508}</UniqueIdentifier>
    </Filter>
    <Filter Include="4. Component\42. Collider">
      <UniqueIdentifier>{428d9dfc-59d6-40e5-9be0-eb853e677165}</UniqueIdentifier>
    </Filter>
    <Filter Include="4. Component\42. Collider\4331. Collider2D">
      <UniqueIdentifier>{ad3d3ea2-fd55-4865-99ee-fae4114c6944}</UniqueIdentifier>
    </Filter>
    <Filter Include="6. ScriptComponent">
      <UniqueIdentifier>{db97c603-eb24-459e-aeac-9cecf133d363}</UniqueIdentifier>
    </Filter>
    <Filter Include="5. RenderComponent">
      <UniqueIdentifier>{b8d48e97-fb37-4096-904f-150a554daa5c}</UniqueIdentifier>
    </Filter>
    <Filter Include="5. RenderComponent\60. RenderComponent">
      <UniqueIdentifier>{44ee17c7-0c99-4958-a8ef-5d0bb4fa9562}</UniqueIdentifier>
    </Filter>
    <Filter Include="5. RenderComponent\61. MeshRender">
      <UniqueIdentifier>{ff0d62db-0670-435b-90d9-764ccea07d9b}</UniqueIdentifier>
    </Filter>
    <Filter Include="5. RenderComponent\62. SpriteRender">
      <UniqueIdentifier>{4eb61042-b112-465d-97a5-01ba2ae901fe}</UniqueIdentifier>
    </Filter>
    <Filter Include="5. RenderComponent\63. FlipbookRender">
      <UniqueIdentifier>{dac8cee3-7628-4228-a807-39fb6ce69843}</UniqueIdentifier>
    </Filter>
    <Filter Include="5. RenderComponent\64. TileRender">
      <UniqueIdentifier>{7698376e-6d5d-4f48-86c2-b3a3662f51d8}</UniqueIdentifier>
    </Filter>
    <Filter Include="5. RenderComponent\69. ParticleRender">
      <UniqueIdentifier>{e3b54612-5d12-46b9-bfaf-730fae91173f}</UniqueIdentifier>
    </Filter>
    <Filter Include="6. ScriptComponent\60. ScriptComponent">
      <UniqueIdentifier>{9d201e80-682a-475f-a40f-fd0266599f6c}</UniqueIdentifier>
    </Filter>
    <Filter Include="6. ScriptComponent\61. RigedScript">
      <UniqueIdentifier>{134395e4-75ab-42f6-b157-72a2dc55b433}</UniqueIdentifier>
    </Filter>
    <Filter Include="6. ScriptComponent\69. CameraScript">
      <UniqueIdentifier>{12f9b6ea-387c-4038-95af-a18e639894f0}</UniqueIdentifier>
    </Filter>
    <Filter Include="7. Group">
      <UniqueIdentifier>{98743328-50c1-4470-a2b3-798157d60fdd}</UniqueIdentifier>
    </Filter>
    <Filter Include="9. Manager\90. TaskManager">
      <UniqueIdentifier>{ec84cace-9f9a-43e5-9bc2-241086247b8d}</UniqueIdentifier>
    </Filter>
    <Filter Include="9. Manager\91. InputManager">
      <UniqueIdentifier>{57df4c13-da2a-4506-936a-a0d8152429b5}</UniqueIdentifier>
    </Filter>
    <Filter Include="9. Manager\92. PathManager">
      <UniqueIdentifier>{1d4dfa96-4378-48e3-8af8-af313942aec2}</UniqueIdentifier>
    </Filter>
    <Filter Include="9. Manager\93. TimeManager">
      <UniqueIdentifier>{b81dc62a-d531-4ae4-9587-9b645626b921}</UniqueIdentifier>
    </Filter>
    <Filter Include="9. Manager\94. ResourceManager">
      <UniqueIdentifier>{140763fd-905f-42c3-8cdc-4a14b77dbac1}</UniqueIdentifier>
    </Filter>
    <Filter Include="9. Manager\95. CollisionManager">
      <UniqueIdentifier>{5becc875-c0bc-4702-8623-ac516eac2760}</UniqueIdentifier>
    </Filter>
    <Filter Include="9. Manager\96. StageManager">
      <UniqueIdentifier>{15033842-a9f2-4899-97a4-69b89a19f5aa}</UniqueIdentifier>
    </Filter>
    <Filter Include="9. Manager\97. RenderManager">
      <UniqueIdentifier>{92497537-c72e-4151-a81a-b560eff9300b}</UniqueIdentifier>
    </Filter>
    <Filter Include="9. Manager\99. DebugManager">
      <UniqueIdentifier>{a202515e-1d01-4913-b098-3950f5ededba}</UniqueIdentifier>
    </Filter>
    <Filter Include="4. Component\43. StateComponent">
      <UniqueIdentifier>{91e26e34-e512-456c-acee-7de3e8f9a32e}</UniqueIdentifier>
    </Filter>
    <Filter Include="6. ScriptComponent\63. FSMScript">
      <UniqueIdentifier>{a22fdf9e-ac12-4913-be03-0737aa11e41a}</UniqueIdentifier>
    </Filter>
    <Filter Include="6. ScriptComponent\62. MoveScript">
      <UniqueIdentifier>{33b7f9a4-d2c1-41b4-8c20-a4000e86b26a}</UniqueIdentifier>
    </Filter>
    <Filter Include="4. Component\44. Light">
      <UniqueIdentifier>{b47eb770-a1d8-46be-8c5c-0796072e98f6}</UniqueIdentifier>
    </Filter>
    <Filter Include="4. Component\44. Light\4321. Light2D">
      <UniqueIdentifier>{daeee69e-ad70-4eca-80b0-1a3218f55603}</UniqueIdentifier>
    </Filter>
    <Filter Include="3. Resource\31. Object">
      <UniqueIdentifier>{2a67f850-fca8-451c-83ee-d04bc0f39ce5}</UniqueIdentifier>
    </Filter>
    <Filter Include="3. Resource\31. Object\320. Object">
      <UniqueIdentifier>{3fce44a9-35e2-4824-9885-d7e2681af2db}</UniqueIdentifier>
    </Filter>
    <Filter Include="3. Resource\31. Object\321. CameraObject">
      <UniqueIdentifier>{a42e632c-3c3b-4479-ad74-59222926c5a9}</UniqueIdentifier>
    </Filter>
    <Filter Include="3. Resource\32. Resource">
      <UniqueIdentifier>{35722dd4-0249-4370-b7e8-c8a482a09874}</UniqueIdentifier>
    </Filter>
    <Filter Include="3. Resource\38. Buffer">
      <UniqueIdentifier>{c73a7a1c-23a7-4e55-9f45-4a432e1458b8}</UniqueIdentifier>
    </Filter>
    <Filter Include="3. Resource\38. Buffer\321. ConstantBuffer">
      <UniqueIdentifier>{a0523887-900a-49fb-9ddc-859f2a530226}</UniqueIdentifier>
    </Filter>
    <Filter Include="3. Resource\38. Buffer\322. StructuredBuffer">
      <UniqueIdentifier>{b3568c5a-77b7-44f0-8624-97fd7e340fe8}</UniqueIdentifier>
    </Filter>
    <Filter Include="3. Resource\32. Resource\320. Resource">
      <UniqueIdentifier>{642537bf-0f55-48dc-a07b-398ad9348484}</UniqueIdentifier>
    </Filter>
    <Filter Include="3. Resource\32. Resource\321. Mesh">
      <UniqueIdentifier>{5ff4c869-fe00-4e52-a373-cdd2e4cbdb11}</UniqueIdentifier>
    </Filter>
    <Filter Include="3. Resource\32. Resource\323. Material">
      <UniqueIdentifier>{7239bf1f-c395-4237-b6be-72da7260724f}</UniqueIdentifier>
    </Filter>
    <Filter Include="3. Resource\32. Resource\324. Texture">
      <UniqueIdentifier>{1a4335a6-9cbf-4ad6-bfa8-44fa04b16a50}</UniqueIdentifier>
    </Filter>
    <Filter Include="3. Resource\32. Resource\329. Shader">
      <UniqueIdentifier>{97ad6f7f-80b0-4a05-8d6d-2eb3e072c703}</UniqueIdentifier>
    </Filter>
    <Filter Include="3. Resource\32. Resource\327. Sound">
      <UniqueIdentifier>{ff196e5e-15a8-404d-b521-585b932efef4}</UniqueIdentifier>
    </Filter>
    <Filter Include="3. Resource\32. Resource\328. Prefab">
      <UniqueIdentifier>{68702963-2237-465a-a296-4a7e4dc1b1e8}</UniqueIdentifier>
    </Filter>
    <Filter Include="3. Resource\32. Resource\326. Flipbook">
      <UniqueIdentifier>{39a9fa31-a9b0-42f2-8f42-72cd372a7352}</UniqueIdentifier>
    </Filter>
    <Filter Include="3. Resource\32. Resource\325. Sprite">
      <UniqueIdentifier>{ffef2b2a-7c71-459c-904f-04f9148b5334}</UniqueIdentifier>
    </Filter>
    <Filter Include="3. Resource\32. Resource\329. Shader\3291. GraphicPipeline">
      <UniqueIdentifier>{a922df71-48a2-49d6-8829-0bf3de0102e6}</UniqueIdentifier>
    </Filter>
    <Filter Include="0. Foundation\01. Header">
      <UniqueIdentifier>{0974320b-6144-4ab6-a100-b2ad3bf94d2a}</UniqueIdentifier>
    </Filter>
    <Filter Include="0. Foundation\01. Header\012. Math">
      <UniqueIdentifier>{30348236-904d-4d08-af6d-3fd457c45b57}</UniqueIdentifier>
    </Filter>
    <Filter Include="0. Foundation\02. HLSL">
      <UniqueIdentifier>{5d954bee-fae0-43ee-9e3a-bf05e6312c63}</UniqueIdentifier>
    </Filter>
    <Filter Include="0. Foundation\02. HLSL\021. Global FX">
      <UniqueIdentifier>{cbc2c25d-6983-4d83-a26f-ee6ba1fecc5c}</UniqueIdentifier>
    </Filter>
    <Filter Include="0. Foundation\02. HLSL\022. Graphic FX">
      <UniqueIdentifier>{5d08c60e-e07c-4cde-b8d2-31c9d818665e}</UniqueIdentifier>
    </Filter>
    <Filter Include="0. Foundation\02. HLSL\023. Compute FX">
      <UniqueIdentifier>{25ec3376-5240-43b4-8d50-576f371b78c2}</UniqueIdentifier>
    </Filter>
    <Filter Include="3. Resource\32. Resource\329. Shader\3292. ComputeShader">
      <UniqueIdentifier>{4aa47da3-33f6-4bf3-a641-198468fe552d}</UniqueIdentifier>
    </Filter>
    <Filter Include="3. Resource\32. Resource\329. Shader\3292. ComputeShader\32921. Compute_Color">
      <UniqueIdentifier>{e1c8f1e1-5ec5-4358-974f-d4c3e3d4e3cf}</UniqueIdentifier>
    </Filter>
    <Filter Include="3. Resource\32. Resource\329. Shader\3292. ComputeShader\32920. ComputeShader">
      <UniqueIdentifier>{cecd3d65-f944-4d6a-8b69-3ee24068259d}</UniqueIdentifier>
    </Filter>
    <Filter Include="0. Foundation\01. Header\011. Global">
      <UniqueIdentifier>{a4962afc-10b8-47eb-86ff-0af985e15087}</UniqueIdentifier>
    </Filter>
  </ItemGroup>
  <ItemGroup>
    <ClInclude Include="C_GameEngine.h">
      <Filter>1. Main</Filter>
    </ClInclude>
    <ClInclude Include="C_Device.h">
      <Filter>2. Device</Filter>
    </ClInclude>
    <ClInclude Include="C_Entity.h">
      <Filter>3. Resource\30. Entity</Filter>
    </ClInclude>
    <ClInclude Include="framework.h">
      <Filter>0. Foundation\01. Header</Filter>
    </ClInclude>
    <ClInclude Include="enum.h">
      <Filter>0. Foundation\01. Header</Filter>
    </ClInclude>
    <ClInclude Include="define.h">
      <Filter>0. Foundation\01. Header</Filter>
    </ClInclude>
    <ClInclude Include="pch.h">
      <Filter>0. Foundation\00. PreCompiled Header</Filter>
    </ClInclude>
    <ClInclude Include="C_ResourceManager.h">
      <Filter>9. Manager\94. ResourceManager</Filter>
    </ClInclude>
    <ClInclude Include="C_InputManager.h">
      <Filter>9. Manager\91. InputManager</Filter>
    </ClInclude>
    <ClInclude Include="C_PathManager.h">
      <Filter>9. Manager\92. PathManager</Filter>
    </ClInclude>
    <ClInclude Include="C_TimeManager.h">
      <Filter>9. Manager\93. TimeManager</Filter>
    </ClInclude>
    <ClInclude Include="C_DebugManager.h">
      <Filter>9. Manager\99. DebugManager</Filter>
    </ClInclude>
    <ClInclude Include="C_RenderManager.h">
      <Filter>9. Manager\97. RenderManager</Filter>
    </ClInclude>
    <ClInclude Include="C_CollisionManager.h">
      <Filter>9. Manager\95. CollisionManager</Filter>
    </ClInclude>
    <ClInclude Include="C_StageManager.h">
      <Filter>9. Manager\96. StageManager</Filter>
    </ClInclude>
    <ClInclude Include="C_Resource.h">
      <Filter>3. Resource\32. Resource\320. Resource</Filter>
    </ClInclude>
    <ClInclude Include="C_Object.h">
      <Filter>3. Resource\31. Object\320. Object</Filter>
    </ClInclude>
    <ClInclude Include="C_Component.h">
      <Filter>4. Component\40. Component</Filter>
    </ClInclude>
    <ClInclude Include="C_Transform.h">
      <Filter>4. Component\41. Transform</Filter>
    </ClInclude>
    <ClInclude Include="C_Collider2D.h">
      <Filter>4. Component\42. Collider\4331. Collider2D</Filter>
    </ClInclude>
    <ClInclude Include="C_CameraComponent.h">
      <Filter>4. Component\49. Camera</Filter>
    </ClInclude>
    <ClInclude Include="C_Light2D.h">
      <Filter>4. Component\44. Light\4321. Light2D</Filter>
    </ClInclude>
    <ClInclude Include="component.h">
      <Filter>0. Foundation\01. Header</Filter>
    </ClInclude>
    <ClInclude Include="C_RenderComponent.h">
      <Filter>5. RenderComponent\60. RenderComponent</Filter>
    </ClInclude>
    <ClInclude Include="C_MeshRender.h">
      <Filter>5. RenderComponent\61. MeshRender</Filter>
    </ClInclude>
    <ClInclude Include="C_SpriteRender.h">
      <Filter>5. RenderComponent\62. SpriteRender</Filter>
    </ClInclude>
    <ClInclude Include="C_FlipbookRender.h">
      <Filter>5. RenderComponent\63. FlipbookRender</Filter>
    </ClInclude>
    <ClInclude Include="C_TileRender.h">
      <Filter>5. RenderComponent\64. TileRender</Filter>
    </ClInclude>
    <ClInclude Include="C_ParticleRender.h">
      <Filter>5. RenderComponent\69. ParticleRender</Filter>
    </ClInclude>
    <ClInclude Include="C_ScriptComponent.h">
      <Filter>6. ScriptComponent\60. ScriptComponent</Filter>
    </ClInclude>
    <ClInclude Include="C_CameraScript.h">
      <Filter>6. ScriptComponent\69. CameraScript</Filter>
    </ClInclude>
    <ClInclude Include="C_FSMScript.h">
      <Filter>6. ScriptComponent\63. FSMScript</Filter>
    </ClInclude>
    <ClInclude Include="C_RigidScript.h">
      <Filter>6. ScriptComponent\61. RigedScript</Filter>
    </ClInclude>
    <ClInclude Include="C_MoveScript.h">
      <Filter>6. ScriptComponent\62. MoveScript</Filter>
    </ClInclude>
    <ClInclude Include="C_Group.h">
      <Filter>7. Group</Filter>
    </ClInclude>
    <ClInclude Include="C_Stage.h">
      <Filter>8. Stage</Filter>
    </ClInclude>
    <ClInclude Include="C_Texture.h">
      <Filter>3. Resource\32. Resource\324. Texture</Filter>
    </ClInclude>
    <ClInclude Include="C_TaskManager.h">
      <Filter>9. Manager\90. TaskManager</Filter>
    </ClInclude>
    <ClInclude Include="C_Sound.h">
      <Filter>3. Resource\32. Resource\327. Sound</Filter>
    </ClInclude>
    <ClInclude Include="C_StateComponent.h">
      <Filter>4. Component\43. StateComponent</Filter>
    </ClInclude>
    <ClInclude Include="globalFunction.h">
      <Filter>0. Foundation\01. Header\011. Global</Filter>
    </ClInclude>
    <ClInclude Include="struct.h">
      <Filter>0. Foundation\01. Header\011. Global</Filter>
    </ClInclude>
    <ClInclude Include="SimpleMath.h">
      <Filter>0. Foundation\01. Header\012. Math</Filter>
    </ClInclude>
    <ClInclude Include="global.h">
      <Filter>0. Foundation\01. Header\011. Global</Filter>
    </ClInclude>
    <ClInclude Include="C_Mesh.h">
      <Filter>3. Resource\32. Resource\321. Mesh</Filter>
    </ClInclude>
    <ClInclude Include="C_ConstantBuffer.h">
      <Filter>3. Resource\38. Buffer\321. ConstantBuffer</Filter>
    </ClInclude>
    <ClInclude Include="C_StructuredBuffer.h">
      <Filter>3. Resource\38. Buffer\322. StructuredBuffer</Filter>
    </ClInclude>
    <ClInclude Include="C_GraphicShader.h">
      <Filter>3. Resource\32. Resource\329. Shader\3291. GraphicPipeline</Filter>
    </ClInclude>
    <ClInclude Include="C_Singleton.h">
      <Filter>0. Foundation\01. Header</Filter>
    </ClInclude>
    <ClInclude Include="C_ComputeShader.h">
      <Filter>3. Resource\32. Resource\329. Shader\3292. ComputeShader\32920. ComputeShader</Filter>
    </ClInclude>
    <ClInclude Include="C_ColorCompute.h">
      <Filter>3. Resource\32. Resource\329. Shader\3292. ComputeShader\32921. Compute_Color</Filter>
    </ClInclude>
    <ClInclude Include="C_Material.h">
      <Filter>3. Resource\32. Resource\323. Material</Filter>
    </ClInclude>
  </ItemGroup>
  <ItemGroup>
    <ClCompile Include="C_GameEngine.cpp">
      <Filter>1. Main</Filter>
    </ClCompile>
    <ClCompile Include="C_Device.cpp">
      <Filter>2. Device</Filter>
    </ClCompile>
    <ClCompile Include="C_Entity.cpp">
      <Filter>3. Resource\30. Entity</Filter>
    </ClCompile>
    <ClCompile Include="pch.cpp">
      <Filter>0. Foundation\00. PreCompiled Header</Filter>
    </ClCompile>
    <ClCompile Include="C_ResourceManager.cpp">
      <Filter>9. Manager\94. ResourceManager</Filter>
    </ClCompile>
    <ClCompile Include="C_InputManager.cpp">
      <Filter>9. Manager\91. InputManager</Filter>
    </ClCompile>
    <ClCompile Include="C_PathManager.cpp">
      <Filter>9. Manager\92. PathManager</Filter>
    </ClCompile>
    <ClCompile Include="C_TimeManager.cpp">
      <Filter>9. Manager\93. TimeManager</Filter>
    </ClCompile>
    <ClCompile Include="C_DebugManager.cpp">
      <Filter>9. Manager\99. DebugManager</Filter>
    </ClCompile>
    <ClCompile Include="C_RenderManager.cpp">
      <Filter>9. Manager\97. RenderManager</Filter>
    </ClCompile>
    <ClCompile Include="C_CollisionManager.cpp">
      <Filter>9. Manager\95. CollisionManager</Filter>
    </ClCompile>
    <ClCompile Include="C_StageManager.cpp">
      <Filter>9. Manager\96. StageManager</Filter>
    </ClCompile>
    <ClCompile Include="C_Resource.cpp">
      <Filter>3. Resource\32. Resource\320. Resource</Filter>
    </ClCompile>
    <ClCompile Include="C_Object.cpp">
      <Filter>3. Resource\31. Object\320. Object</Filter>
    </ClCompile>
    <ClCompile Include="C_Component.cpp">
      <Filter>4. Component\40. Component</Filter>
    </ClCompile>
    <ClCompile Include="C_Transform.cpp">
      <Filter>4. Component\41. Transform</Filter>
    </ClCompile>
    <ClCompile Include="C_Collider2D.cpp">
      <Filter>4. Component\42. Collider\4331. Collider2D</Filter>
    </ClCompile>
    <ClCompile Include="C_CameraComponent.cpp">
      <Filter>4. Component\49. Camera</Filter>
    </ClCompile>
    <ClCompile Include="C_Light2D.cpp">
      <Filter>4. Component\44. Light\4321. Light2D</Filter>
    </ClCompile>
    <ClCompile Include="C_RenderComponent.cpp">
      <Filter>5. RenderComponent\60. RenderComponent</Filter>
    </ClCompile>
    <ClCompile Include="C_MeshRender.cpp">
      <Filter>5. RenderComponent\61. MeshRender</Filter>
    </ClCompile>
    <ClCompile Include="C_SpriteRender.cpp">
      <Filter>5. RenderComponent\62. SpriteRender</Filter>
    </ClCompile>
    <ClCompile Include="C_FlipbookRender.cpp">
      <Filter>5. RenderComponent\63. FlipbookRender</Filter>
    </ClCompile>
    <ClCompile Include="C_TileRender.cpp">
      <Filter>5. RenderComponent\64. TileRender</Filter>
    </ClCompile>
    <ClCompile Include="C_ParticleRender.cpp">
      <Filter>5. RenderComponent\69. ParticleRender</Filter>
    </ClCompile>
    <ClCompile Include="C_ScriptComponent.cpp">
      <Filter>6. ScriptComponent\60. ScriptComponent</Filter>
    </ClCompile>
    <ClCompile Include="C_CameraScript.cpp">
      <Filter>6. ScriptComponent\69. CameraScript</Filter>
    </ClCompile>
    <ClCompile Include="C_FSMScript.cpp">
      <Filter>6. ScriptComponent\63. FSMScript</Filter>
    </ClCompile>
    <ClCompile Include="C_RigidScript.cpp">
      <Filter>6. ScriptComponent\61. RigedScript</Filter>
    </ClCompile>
    <ClCompile Include="C_MoveScript.cpp">
      <Filter>6. ScriptComponent\62. MoveScript</Filter>
    </ClCompile>
    <ClCompile Include="C_Group.cpp">
      <Filter>7. Group</Filter>
    </ClCompile>
    <ClCompile Include="C_Stage.cpp">
      <Filter>8. Stage</Filter>
    </ClCompile>
    <ClCompile Include="C_Texture.cpp">
      <Filter>3. Resource\32. Resource\324. Texture</Filter>
    </ClCompile>
    <ClCompile Include="C_TaskManager.cpp">
      <Filter>9. Manager\90. TaskManager</Filter>
    </ClCompile>
    <ClCompile Include="C_Sound.cpp">
      <Filter>3. Resource\32. Resource\327. Sound</Filter>
    </ClCompile>
    <ClCompile Include="C_StateComponent.cpp">
      <Filter>4. Component\43. StateComponent</Filter>
    </ClCompile>
    <ClCompile Include="C_Mesh.cpp">
      <Filter>3. Resource\32. Resource\321. Mesh</Filter>
    </ClCompile>
    <ClCompile Include="C_ConstantBuffer.cpp">
      <Filter>3. Resource\38. Buffer\321. ConstantBuffer</Filter>
    </ClCompile>
    <ClCompile Include="C_StructuredBuffer.cpp">
      <Filter>3. Resource\38. Buffer\322. StructuredBuffer</Filter>
    </ClCompile>
    <ClCompile Include="C_GraphicShader.cpp">
      <Filter>3. Resource\32. Resource\329. Shader\3291. GraphicPipeline</Filter>
    </ClCompile>
    <ClCompile Include="C_ComputeShader.cpp">
      <Filter>3. Resource\32. Resource\329. Shader\3292. ComputeShader\32920. ComputeShader</Filter>
    </ClCompile>
    <ClCompile Include="C_ColorCompute.cpp">
      <Filter>3. Resource\32. Resource\329. Shader\3292. ComputeShader\32921. Compute_Color</Filter>
    </ClCompile>
    <ClCompile Include="C_Material.cpp">
      <Filter>3. Resource\32. Resource\323. Material</Filter>
    </ClCompile>
    <ClCompile Include="globalVariable.cpp">
      <Filter>0. Foundation\01. Header\011. Global</Filter>
    </ClCompile>
  </ItemGroup>
  <ItemGroup>
    <None Include="cpp.hint">
      <Filter>Relic</Filter>
    </None>
    <None Include="SimpleMath.inl">
      <Filter>0. Foundation\01. Header\012. Math</Filter>
    </None>
  </ItemGroup>
</Project>